{
  "version": 2,
  "dependencies": {
    "net10.0-windows10.0.17763": {
      "VibeOCR.Runtime.Client": {
        "type": "Direct",
        "requested": "[2.2.0, 2.2.0]",
        "resolved": "2.2.0",
        "contentHash": "zkJg5if9bu13nhk0+RHb8ruLUVw0xSJsk+Ajc/g7sPXeEqFHY3jAjpKbpDvmpzYttdBW4rjgcJirPr1EKRRvMw==",
        "dependencies": {
          "VibeOCR.Runtime.Contracts": "2.2.0"
        }
      },
      "VibeOCR.Runtime.Contracts": {
        "type": "Direct",
        "requested": "[2.2.0, 2.2.0]",
        "resolved": "2.2.0",
        "contentHash": "EfeMlUErqxyn4aANqKTtCOl0oi4CuR0ksbBzXk9GVZxRtqvKICy5Yo9UIYQ4emb3X80IRjxKuc9XeTjPscRjKw=="
      }
    }
  }
}