{
  "version": 2,
  "dependencies": {
    "net10.0-windows10.0.17763": {
      "VibeOCR.Runtime.Client": {
        "type": "Direct",
        "requested": "[2.7.1, 2.7.1]",
        "resolved": "2.7.1",
        "contentHash": "Vh4d6bbYrRDM2CtjQUF/497dTf5cMU/Y04BlENlWUVsfKe8kGUiipIDz9qLSEPKbrfT9z9x8s3ao+blYWac8ug==",
        "dependencies": {
          "VibeOCR.Runtime.Contracts": "2.7.1"
        }
      },
      "VibeOCR.Runtime.Contracts": {
        "type": "Direct",
        "requested": "[2.7.1, 2.7.1]",
        "resolved": "2.7.1",
        "contentHash": "CCXg6xNrQ0yljnfe6TS7Ohpei17jrHX+Is4LWZ2Z1JCw+2XXQ8uQCPZdKTucDZA4A/YKbU3IIHPZ+6eTPu+6Og=="
      }
    }
  }
}