{
  "version": 2,
  "dependencies": {
    "net10.0-windows10.0.17763": {
      "Microsoft.NET.Test.Sdk": {
        "type": "Direct",
        "requested": "[18.10.1, )",
        "resolved": "18.10.1",
        "contentHash": "SxCFvJE/2ltUQgCgv6+Ixagohw4sZc9hM7Wid2foaNM7paBscktoHLoRDz91fW8wbHG87Rg9Ku59/8PXumqUrA==",
        "dependencies": {
          "Microsoft.CodeCoverage": "18.10.1",
          "Microsoft.TestPlatform.TestHost": "18.10.1"
        }
      },
      "Microsoft.Testing.Extensions.HangDump": {
        "type": "Direct",
        "requested": "[2.4.1, )",
        "resolved": "2.4.1",
        "contentHash": "ViQa60PnKgnHsWI66CGPeYv71RSs1e1e6XJgNbP+aD+uaJMJ6jn6t+6/14OVvPC9luVtJwqWyvdJW942mSxQHg==",
        "dependencies": {
          "Microsoft.Diagnostics.NETCore.Client": "0.2.607501",
          "Microsoft.Testing.Platform": "[2.4.1, 3.0.0)"
        }
      },
      "Microsoft.Testing.Extensions.TrxReport": {
        "type": "Direct",
        "requested": "[2.4.1, )",
        "resolved": "2.4.1",
        "contentHash": "KGAvJKRqhod45ecH4L1cCKIjGrzziUcLo3L4hRlfOg/Ww2Q7MnA30qHY2rnKzGyLVWf91tc2VleGe8c33FmPaQ==",
        "dependencies": {
          "Microsoft.Testing.Extensions.TrxReport.Abstractions": "2.4.1",
          "Microsoft.Testing.Platform": "[2.4.1, 3.0.0)"
        }
      },
      "xunit.runner.visualstudio": {
        "type": "Direct",
        "requested": "[4.0.0, )",
        "resolved": "4.0.0",
        "contentHash": "kzLFyBYUnoidpGOXvpNOfIo8C92gVgVR6X8ncHwhcrDYugiOut5rrhDkr0L3cWHd7J2pKXf6LgaeXoBBDlx1ag=="
      },
      "xunit.v3": {
        "type": "Direct",
        "requested": "[4.0.1, )",
        "resolved": "4.0.1",
        "contentHash": "KpDYf6jFjYfOchuRJOAXPOpwN03hLE1AF4kWzCUSnhr8JZMiGH4BT1YidCcm6BE1H4E90GyJzuKoCwXbg9PXmA==",
        "dependencies": {
          "xunit.v3.mtp-v2": "[4.0.1]"
        }
      },
      "Microsoft.ApplicationInsights": {
        "type": "Transitive",
        "resolved": "2.23.0",
        "contentHash": "nWArUZTdU7iqZLycLKWe0TDms48KKGE6pONH2terYNa8REXiqixrMOkf1sk5DHGMaUTqONU2YkS4SAXBhLStgw=="
      },
      "Microsoft.Bcl.AsyncInterfaces": {
        "type": "Transitive",
        "resolved": "6.0.0",
        "contentHash": "UcSjPsst+DfAdJGVDsu346FX0ci0ah+lw3WRtn18NUwEqRt70HaOQ7lI72vy3+1LxtqI3T5GWwV39rQSrCzAeg=="
      },
      "Microsoft.CodeCoverage": {
        "type": "Transitive",
        "resolved": "18.10.1",
        "contentHash": "tV7tCyp/t+DuwQugLkCeUN7NBFFB4fEGRPr0gkMQ2nQgAvQQjmGlZZi1dsLzbyoe/A0mbnKybmkIh8qhT9p4Zw=="
      },
      "Microsoft.Diagnostics.NETCore.Client": {
        "type": "Transitive",
        "resolved": "0.2.607501",
        "contentHash": "17Yxzao41A1oZZ5lCCAnnXOy9up5i/GVEGazBjJAUZ4UISsNAotUt6h7zvCDgfKIC46CD7jszgLzLZoscSIJQA==",
        "dependencies": {
          "Microsoft.Extensions.Logging.Abstractions": "6.0.4"
        }
      },
      "Microsoft.Extensions.Logging.Abstractions": {
        "type": "Transitive",
        "resolved": "6.0.4",
        "contentHash": "K14wYgwOfKVELrUh5eBqlC8Wvo9vvhS3ZhIvcswV2uS/ubkTRPSQsN557EZiYUSSoZNxizG+alN4wjtdyLdcyw=="
      },
      "Microsoft.Testing.Extensions.Telemetry": {
        "type": "Transitive",
        "resolved": "2.4.0",
        "contentHash": "JeP1RFqBa11fWmBk8xEfZcMKr4rxWSyI6OZ+659V069CaMkTEOQBW2UdSSeNz3absOsygcn7JJkzerC4LGnZ9w==",
        "dependencies": {
          "Microsoft.ApplicationInsights": "2.23.0",
          "Microsoft.Testing.Platform": "[2.4.0, 3.0.0)"
        }
      },
      "Microsoft.Testing.Extensions.TrxReport.Abstractions": {
        "type": "Transitive",
        "resolved": "2.4.1",
        "contentHash": "tDxLLic2IfeChbyo8oeGZj/eBdFpPe3Dp80hUoIOefSCqqMHbsob+lX1TfFWV75PJCPouxj2zz0zzPHZxiM4nQ==",
        "dependencies": {
          "Microsoft.Testing.Platform": "[2.4.1, 3.0.0)"
        }
      },
      "Microsoft.Testing.Platform": {
        "type": "Transitive",
        "resolved": "2.4.1",
        "contentHash": "3nW9NyhN1BnHRF994DCOOUQCqVA9pDT+gPpbuhI/xUntZnGnXO4ySovKxFlFuoT/48pnI74LK/DeKVlve1L3VQ=="
      },
      "Microsoft.Testing.Platform.MSBuild": {
        "type": "Transitive",
        "resolved": "2.4.0",
        "contentHash": "qr5M6h16YHMJLFDcWELFVMMpGte2BUmveBZKT5YoBV+bmuJRPu9bv/Zqke4yQuOEKRNxoAETrG5jr+/6Rnr3Hg==",
        "dependencies": {
          "Microsoft.Testing.Platform": "[2.4.0, 3.0.0)"
        }
      },
      "Microsoft.TestPlatform.ObjectModel": {
        "type": "Transitive",
        "resolved": "18.10.1",
        "contentHash": "o+PuLDRVp1iwiVAPBADZItXgm9Ck23XtPhE4kZtZVi0uYnMiiz1Dx9Cjh75kJ+ijfqnORL3VOTOaQVKi0f/ixg=="
      },
      "Microsoft.TestPlatform.TestHost": {
        "type": "Transitive",
        "resolved": "18.10.1",
        "contentHash": "KYz2omqkoz9E2mWa4fdgT+Ycie1wi5968EmyJlusjlp87RxxtA2FvDm8tcBEYIDzLnkWGnsKjE4d13Z7/rxkQA==",
        "dependencies": {
          "Microsoft.TestPlatform.ObjectModel": "18.10.1"
        }
      },
      "Microsoft.Win32.Registry": {
        "type": "Transitive",
        "resolved": "5.0.0",
        "contentHash": "dDoKi0PnDz31yAyETfRntsLArTlVAVzUzCIvvEDsDsucrl33Dl8pIJG06ePTJTI3tGpeyHS9Cq7Foc/s4EeKcg=="
      },
      "Microsoft.Windows.AI.MachineLearning": {
        "type": "Transitive",
        "resolved": "2.1.74",
        "contentHash": "/Z1yAQ0J53eD1RrOl5anTDS0UQOgneERY//hLljwGcWeUX9ynCvOl5qUxAsfWvwsZZGcvV4WKjAvnAtA6N5i+w==",
        "dependencies": {
          "System.Numerics.Tensors": "9.0.0"
        }
      },
      "Microsoft.Windows.SDK.BuildTools": {
        "type": "Transitive",
        "resolved": "10.0.26100.4654",
        "contentHash": "2mgcOlj/t2RfSyyw+pVESfO+Tk1RkfQzto9Vrq42M1lUQIfQEwbi8QLha9GXWIOj+TFzeHIEJckIoF25mgiM8A=="
      },
      "Microsoft.Windows.SDK.BuildTools.MSIX": {
        "type": "Transitive",
        "resolved": "1.7.251221100",
        "contentHash": "f4aIZJ0NUth2403oxrpR+9rxVzZVI6dabqB21u8ncnk8eJAKCs9m77E4iYAnvP1YwrRe4axz3f8+yUcttNSfEA=="
      },
      "Microsoft.WindowsAppSDK.AI": {
        "type": "Transitive",
        "resolved": "2.5.5",
        "contentHash": "f6XA05BsTAmDDsWGiFQdcAujNlbET5QbqxhBo7iHPJJix+RJajXKv1XlO19M78GtEpi2AYGEv08dPxER8ESYAw==",
        "dependencies": {
          "Microsoft.WindowsAppSDK.Base": "2.0.4",
          "Microsoft.WindowsAppSDK.Foundation": "2.3.12"
        }
      },
      "Microsoft.WindowsAppSDK.Base": {
        "type": "Transitive",
        "resolved": "2.0.4",
        "contentHash": "QXSy2llX2/Bx9dYWGUEsb10F40q94ZiDnPMzqa2/qRmTG4y9EXxGp6uHITb7c0b4FCa+6KFBlgh6D53M0QEMEg==",
        "dependencies": {
          "Microsoft.Windows.SDK.BuildTools": "10.0.26100.4654",
          "Microsoft.Windows.SDK.BuildTools.MSIX": "1.7.251221100"
        }
      },
      "Microsoft.WindowsAppSDK.DWrite": {
        "type": "Transitive",
        "resolved": "2.1.0",
        "contentHash": "dgix7NSeo7Z8SZPyrsOqYm/6OUvBveHCiVyorYecmtDYoZW26dJ6/i9yveIxgWvmFpgfKXPeIuQBCvhbetHiYg==",
        "dependencies": {
          "Microsoft.WindowsAppSDK.Base": "2.0.3"
        }
      },
      "Microsoft.WindowsAppSDK.Foundation": {
        "type": "Transitive",
        "resolved": "2.3.12",
        "contentHash": "UflrNbXoZmHPt8lLGDk4gQ+yoGfQlCHd3TVTy7YwCMZ/aVGWAiLDqGCEjtWmNsI8ySy6imx3ZlenKfd2/VMPEg==",
        "dependencies": {
          "Microsoft.WindowsAppSDK.Base": "2.0.4",
          "Microsoft.WindowsAppSDK.InteractiveExperiences": "2.1.8"
        }
      },
      "Microsoft.WindowsAppSDK.InteractiveExperiences": {
        "type": "Transitive",
        "resolved": "2.1.9",
        "contentHash": "59nvb3pQYsBTTGrobeHkB4bkxASHtpaORJl7r6Zvg8PSIDCupEZTPKrIhnUknHDGfAtuBsnORjgvRi2WXGaRhA==",
        "dependencies": {
          "Microsoft.WindowsAppSDK.Base": "2.0.4"
        }
      },
      "Microsoft.WindowsAppSDK.ML": {
        "type": "Transitive",
        "resolved": "2.1.94",
        "contentHash": "b21CWVubc3WqWNJ9+fy7n+s83LgwBpIzYrOuSUmHAqPB0pH+ttjgiknnDA/oF7wCbjiaUb4KDXVV7Mya3f18Ug==",
        "dependencies": {
          "Microsoft.Windows.AI.MachineLearning": "[2.1.74, 3.0.0)",
          "Microsoft.WindowsAppSDK.Base": "2.0.4",
          "Microsoft.WindowsAppSDK.Foundation": "2.3.12"
        }
      },
      "Microsoft.WindowsAppSDK.Runtime": {
        "type": "Transitive",
        "resolved": "2.5.1",
        "contentHash": "EDzGf6Tq9njNfNsTfqKdiwmSzFF/caHItuDa99UTQiOvLXwOjCL1k75/PMLSoHbCo1cSlHh/sSqZVssJ/Z0NzA==",
        "dependencies": {
          "Microsoft.WindowsAppSDK.Base": "2.0.4"
        }
      },
      "Microsoft.WindowsAppSDK.Search": {
        "type": "Transitive",
        "resolved": "2.5.5",
        "contentHash": "uvYkXi9TB4rk/kgWn5XHEkMNMU+xhjY+S0QWsxEs8wYT/dXAjfHvW30+JVoW/THZ/9jIMinEn4gliCSVRFV0Sw==",
        "dependencies": {
          "Microsoft.WindowsAppSDK.AI": "[2.5.5]",
          "Microsoft.WindowsAppSDK.Base": "2.0.4",
          "Microsoft.WindowsAppSDK.Foundation": "2.3.12"
        }
      },
      "Microsoft.WindowsAppSDK.Widgets": {
        "type": "Transitive",
        "resolved": "2.0.5",
        "contentHash": "lRz+8+QU65gV8hRzLVE+GRsPKZ42lnzqkmsw96HzQd/DuFYfr4JYpUU7ZZ5YrkV2EfQe4BCmoRKAeZ3WwalMcg==",
        "dependencies": {
          "Microsoft.WindowsAppSDK.Base": "2.0.3"
        }
      },
      "Microsoft.WindowsAppSDK.WinUI": {
        "type": "Transitive",
        "resolved": "2.3.9",
        "contentHash": "GiuYUQqMYD5lycT+X2AGX1rlbHU/zf8xoPeZNXZbJj4mZcSr4STsxeRUMxnTUQLAmmjjQaPrTIRjn78vbPhAvg==",
        "dependencies": {
          "Microsoft.Web.WebView2": "1.0.3719.77",
          "Microsoft.WindowsAppSDK.Base": "2.0.4",
          "Microsoft.WindowsAppSDK.Foundation": "2.3.12",
          "Microsoft.WindowsAppSDK.InteractiveExperiences": "2.1.8"
        }
      },
      "System.Numerics.Tensors": {
        "type": "Transitive",
        "resolved": "9.0.0",
        "contentHash": "hyJB4UlpAi19Xr9AXzu2NuagKC4lPfHObNMEAA0HmqFz2rX7wKgzeYzO/jM/eBHDhnUGFFEjk5cOoJaxqg5J4A=="
      },
      "System.Security.AccessControl": {
        "type": "Transitive",
        "resolved": "6.0.1",
        "contentHash": "IQ4NXP/B3Ayzvw0rDQzVTYsCKyy0Jp9KI6aYcK7UnGVlR9+Awz++TIPCQtPYfLJfOpm8ajowMR09V7quD3sEHw=="
      },
      "xunit.analyzers": {
        "type": "Transitive",
        "resolved": "2.1.0",
        "contentHash": "X7QXEcZQGz0G/HL4HUyK+aAvNa/IMGbOCnFIq4jD/Evktq12xANKwzOUr7b08vCmC1LXu/47qHWOdjm3KfaJ0A=="
      },
      "xunit.v3.assert": {
        "type": "Transitive",
        "resolved": "4.0.1",
        "contentHash": "nC7d3cY06Oo7hkdwWPZkBR0Ud75xNhgx0P7i0GmMMZC3puCGlc4szFiT30biH03IN/eDnr8h+nv3A1UD17bk/A=="
      },
      "xunit.v3.common": {
        "type": "Transitive",
        "resolved": "4.0.1",
        "contentHash": "Qf25TVdadDQYf9zVxSd7L9RNQhuP0jCUHmo96XTmIKLxGefylIEV63jRbXBPFzdXmV09TCdcurk+AQ9LiWS2Hg==",
        "dependencies": {
          "Microsoft.Bcl.AsyncInterfaces": "6.0.0"
        }
      },
      "xunit.v3.core.mtp-v2": {
        "type": "Transitive",
        "resolved": "4.0.1",
        "contentHash": "7qfTfrIfS2wybpSVyRLmhXHbSudD2eNw66LfukixmKsRCTcfvOrLsx0qGL/lObcEh3Z2F4SIXgoFnLIiB8yfjQ==",
        "dependencies": {
          "Microsoft.Testing.Extensions.Telemetry": "2.4.0",
          "Microsoft.Testing.Extensions.TrxReport.Abstractions": "2.4.0",
          "Microsoft.Testing.Platform": "2.4.0",
          "Microsoft.Testing.Platform.MSBuild": "2.4.0",
          "xunit.v3.extensibility.core": "[4.0.1]",
          "xunit.v3.runner.inproc.console": "[4.0.1]"
        }
      },
      "xunit.v3.extensibility.core": {
        "type": "Transitive",
        "resolved": "4.0.1",
        "contentHash": "J0d5OfFcp920nZxCRIvU14+TZhiSPQR0wvqEMZ3MRiJLPu1VmYlcRNkmcSW0i1DwkB81gAHc+fHUQf/cU64MYg==",
        "dependencies": {
          "xunit.v3.common": "[4.0.1]"
        }
      },
      "xunit.v3.mtp-v2": {
        "type": "Transitive",
        "resolved": "4.0.1",
        "contentHash": "s88KiWwDDYgOWV3A+ViJiqCe9cLU/Rt6Gb5TfOC7Abv/HKSoj4IHVPcOQk7jPt7HhZHHEts5IuaVpB30eO5B1w==",
        "dependencies": {
          "xunit.analyzers": "2.1.0",
          "xunit.v3.assert": "[4.0.1]",
          "xunit.v3.core.mtp-v2": "[4.0.1]"
        }
      },
      "xunit.v3.runner.common": {
        "type": "Transitive",
        "resolved": "4.0.1",
        "contentHash": "p9AyfBpj2e5Iws8B57SbLiSngg7mEdvegHInKR4T2cjt2mis9h8htVgCnmu//agZO4zri6p6VQOj5EkHHTy3gA==",
        "dependencies": {
          "Microsoft.Win32.Registry": "[5.0.0]",
          "System.Security.AccessControl": "[6.0.1]",
          "xunit.v3.common": "[4.0.1]"
        }
      },
      "xunit.v3.runner.inproc.console": {
        "type": "Transitive",
        "resolved": "4.0.1",
        "contentHash": "Hqwfd6ehMIhPmVWUQ2dgmknzuLFTWeyp8ES1q3D4YR5bQVyiXDcaIoaFwqAz2zgLr49WaW4Mz7VVncP7u/Q8/Q==",
        "dependencies": {
          "xunit.v3.extensibility.core": "[4.0.1]",
          "xunit.v3.runner.common": "[4.0.1]"
        }
      },
      "vibeocr.contracts": {
        "type": "Project"
      },
      "vibeocr.platform": {
        "type": "Project",
        "dependencies": {
          "VibeOCR.Contracts": "[1.0.0, )",
          "VibeOCR.Runtime.Client": "[1.0.0, )"
        }
      },
      "vibeocr.runtime.client": {
        "type": "Project",
        "dependencies": {
          "VibeOCR.Contracts": "[1.0.0, )"
        }
      },
      "VibeOCR.WinUI": {
        "type": "Project",
        "dependencies": {
          "Microsoft.WindowsAppSDK": "[2.5.1, )",
          "Velopack": "[1.2.161, )",
          "VibeOCR.Contracts": "[1.0.0, )",
          "VibeOCR.Platform": "[1.0.0, )",
          "ZXing.Net": "[0.16.11, )"
        }
      },
      "Microsoft.Web.WebView2": {
        "type": "CentralTransitive",
        "requested": "[1.0.4258.31, )",
        "resolved": "1.0.4258.31",
        "contentHash": "sHVZ2MQrHT1J3q5/6csn0fIP27rzpTO/RRC+wPQDrZheB7T4t2n+vVbY6SdCKr4WRV9s/gmBM3PPMWWJtoDzMg=="
      },
      "Microsoft.WindowsAppSDK": {
        "type": "CentralTransitive",
        "requested": "[2.5.1, )",
        "resolved": "2.5.1",
        "contentHash": "WgKPzT1H2s17azODD1jNZje69z1hGz8VSh3bIylTtXHVg7hLyrn8Y+rswFqF41UX8ea7ELeoyqN80zZ6EHwCFA==",
        "dependencies": {
          "Microsoft.WindowsAppSDK.AI": "2.5.5",
          "Microsoft.WindowsAppSDK.Base": "2.0.4",
          "Microsoft.WindowsAppSDK.DWrite": "2.1.0",
          "Microsoft.WindowsAppSDK.Foundation": "2.3.12",
          "Microsoft.WindowsAppSDK.InteractiveExperiences": "2.1.9",
          "Microsoft.WindowsAppSDK.ML": "2.1.94",
          "Microsoft.WindowsAppSDK.Runtime": "[2.5.1]",
          "Microsoft.WindowsAppSDK.Search": "2.5.5",
          "Microsoft.WindowsAppSDK.Widgets": "2.0.5",
          "Microsoft.WindowsAppSDK.WinUI": "2.3.9"
        }
      },
      "Velopack": {
        "type": "CentralTransitive",
        "requested": "[1.2.161, )",
        "resolved": "1.2.161",
        "contentHash": "OpHNacIumnkhaaX3ZlQ/TCR4YPOJvud2/PAOoWb6o+mIrLwIVA275I5wAgt4q/1O2VrJeDwR1qFQyqzG4lUArg=="
      },
      "ZXing.Net": {
        "type": "CentralTransitive",
        "requested": "[0.16.11, )",
        "resolved": "0.16.11",
        "contentHash": "OZfAVu88hl87BffQ+rlWCj/vLvAhhCK4QnFaoveeF/MY8SjHNSYBQ3qyUEWlPKNgBQGh1syXhCDg10vUnCsqkg=="
      }
    },
    "net10.0-windows10.0.17763/win-x64": {
      "Microsoft.Win32.Registry": {
        "type": "Transitive",
        "resolved": "5.0.0",
        "contentHash": "dDoKi0PnDz31yAyETfRntsLArTlVAVzUzCIvvEDsDsucrl33Dl8pIJG06ePTJTI3tGpeyHS9Cq7Foc/s4EeKcg=="
      },
      "Microsoft.Windows.AI.MachineLearning": {
        "type": "Transitive",
        "resolved": "2.1.74",
        "contentHash": "/Z1yAQ0J53eD1RrOl5anTDS0UQOgneERY//hLljwGcWeUX9ynCvOl5qUxAsfWvwsZZGcvV4WKjAvnAtA6N5i+w==",
        "dependencies": {
          "System.Numerics.Tensors": "9.0.0"
        }
      },
      "Microsoft.WindowsAppSDK.Foundation": {
        "type": "Transitive",
        "resolved": "2.3.12",
        "contentHash": "UflrNbXoZmHPt8lLGDk4gQ+yoGfQlCHd3TVTy7YwCMZ/aVGWAiLDqGCEjtWmNsI8ySy6imx3ZlenKfd2/VMPEg==",
        "dependencies": {
          "Microsoft.WindowsAppSDK.Base": "2.0.4",
          "Microsoft.WindowsAppSDK.InteractiveExperiences": "2.1.8"
        }
      },
      "System.Security.AccessControl": {
        "type": "Transitive",
        "resolved": "6.0.1",
        "contentHash": "IQ4NXP/B3Ayzvw0rDQzVTYsCKyy0Jp9KI6aYcK7UnGVlR9+Awz++TIPCQtPYfLJfOpm8ajowMR09V7quD3sEHw=="
      },
      "Microsoft.Web.WebView2": {
        "type": "CentralTransitive",
        "requested": "[1.0.4258.31, )",
        "resolved": "1.0.4258.31",
        "contentHash": "sHVZ2MQrHT1J3q5/6csn0fIP27rzpTO/RRC+wPQDrZheB7T4t2n+vVbY6SdCKr4WRV9s/gmBM3PPMWWJtoDzMg=="
      }
    }
  }
}