{
  "version": 2,
  "dependencies": {
    ".NETFramework,Version=v4.7.2": {
      "Microsoft.NETFramework.ReferenceAssemblies": {
        "type": "Direct",
        "requested": "[1.0.3, )",
        "resolved": "1.0.3",
        "contentHash": "vUc9Npcs14QsyOD01tnv/m8sQUnGTGOw1BCmKcv77LBJY7OxhJ+zJF7UD/sCL3lYNFuqmQEVlkfS4Quif6FyYg==",
        "dependencies": {
          "Microsoft.NETFramework.ReferenceAssemblies.net472": "1.0.3"
        }
      },
      "Microsoft.Web.WebView2": {
        "type": "Direct",
        "requested": "[1.0.3719.77, )",
        "resolved": "1.0.3719.77",
        "contentHash": "t+ucyKw5NTwMjsUrDF6R9Lk40lpcKQD1/HgyGFxl49tdA4h9dKlsj6FYGEmDRpFNfnTpENuTypMcdbrlkqBdDA=="
      },
      "Microsoft.Windows.SDK.Contracts": {
        "type": "Direct",
        "requested": "[10.0.17763.1000, )",
        "resolved": "10.0.17763.1000",
        "contentHash": "D1VmIbDU1caa+xYy3Soyk1wwpaJqpBgvjFONd0yDkwEtF0ANIP08Y01pk06erPcYZzM9xO7/fkg2wge37lHpiA==",
        "dependencies": {
          "System.Runtime.WindowsRuntime": "4.6.0",
          "System.Runtime.WindowsRuntime.UI.Xaml": "4.6.0"
        }
      },
      "Velopack": {
        "type": "Direct",
        "requested": "[1.2.0, )",
        "resolved": "1.2.0",
        "contentHash": "Rz67gJL619fSBS6omaSINUxyDuwhIxkm5mmubf7uLd5Qgi6LLKaKCha+QFP6n+Bw/UjA0vutnH4JQfYzn6ANtw==",
        "dependencies": {
          "Newtonsoft.Json": "13.0.4"
        }
      },
      "Microsoft.NETFramework.ReferenceAssemblies.net472": {
        "type": "Transitive",
        "resolved": "1.0.3",
        "contentHash": "0E7evZXHXaDYYiLRfpyXvCh+yzM2rNTyuZDI+ZO7UUqSc6GfjePiXTdqJGtgIKUwdI81tzQKmaWprnUiPj9hAw=="
      },
      "Newtonsoft.Json": {
        "type": "Transitive",
        "resolved": "13.0.4",
        "contentHash": "pdgNNMai3zv51W5aq268sujXUyx7SNdE2bj1wZcWjAQrKMFZV260lbqYop1d2GM67JI1huLRwxo9ZqnfF/lC6A=="
      },
      "System.Runtime.WindowsRuntime": {
        "type": "Transitive",
        "resolved": "4.6.0",
        "contentHash": "IWrs1TmbxP65ZZjIglNyvDkFNoV5q2Pofg5WO7I8RKQOpLdFprQSh3xesOoClBqR4JHr4nEB1Xk1MqLPW1jPuQ=="
      },
      "System.Runtime.WindowsRuntime.UI.Xaml": {
        "type": "Transitive",
        "resolved": "4.6.0",
        "contentHash": "r4tNw5v5kqRJ9HikWpcyNf3suGw7DjX93svj9iBjtdeLqL8jt9Z+7f+s4wrKZJr84u8IMsrIjt8K6jYvkRqMSg==",
        "dependencies": {
          "System.Runtime.WindowsRuntime": "4.6.0"
        }
      }
    },
    ".NETFramework,Version=v4.7.2/win-x64": {
      "Microsoft.Web.WebView2": {
        "type": "Direct",
        "requested": "[1.0.3719.77, )",
        "resolved": "1.0.3719.77",
        "contentHash": "t+ucyKw5NTwMjsUrDF6R9Lk40lpcKQD1/HgyGFxl49tdA4h9dKlsj6FYGEmDRpFNfnTpENuTypMcdbrlkqBdDA=="
      }
    }
  }
}